
Microsoft Visual Studio Solution File, Format Version 12.00
# Visual Studio 15
VisualStudioVersion = 15.0.27130.2036
MinimumVisualStudioVersion = 10.0.40219.1
Project("{FAE04EC0-301F-11D3-BF4B-00C04F79EFBC}") = "Client", "Client\Client.csproj", "{C139F27C-CAA4-474C-A2FC-13580FD137C5}"
EndProject
Project("{FAE04EC0-301F-11D3-BF4B-00C04F79EFBC}") = "ClientTests", "ClientTests\ClientTests.csproj", "{9EEA6618-8BF0-4D38-A653-5DB9E69A4775}"
EndProject
Global
	GlobalSection(SolutionConfigurationPlatforms) = preSolution
		Debug|Any CPU = Debug|Any CPU
		Release|Any CPU = Release|Any CPU
	EndGlobalSection
	GlobalSection(ProjectConfigurationPlatforms) = postSolution
		{C139F27C-CAA4-474C-A2FC-13580FD137C5}.Debug|Any CPU.ActiveCfg = Debug|Any CPU
		{C139F27C-CAA4-474C-A2FC-13580FD137C5}.Debug|Any CPU.Build.0 = Debug|Any CPU
		{C139F27C-CAA4-474C-A2FC-13580FD137C5}.Release|Any CPU.ActiveCfg = Release|Any CPU
		{C139F27C-CAA4-474C-A2FC-13580FD137C5}.Release|Any CPU.Build.0 = Release|Any CPU
		{9EEA6618-8BF0-4D38-A653-5DB9E69A4775}.Debug|Any CPU.ActiveCfg = Debug|Any CPU
		{9EEA6618-8BF0-4D38-A653-5DB9E69A4775}.Debug|Any CPU.Build.0 = Debug|Any CPU
		{9EEA6618-8BF0-4D38-A653-5DB9E69A4775}.Release|Any CPU.ActiveCfg = Release|Any CPU
		{9EEA6618-8BF0-4D38-A653-5DB9E69A4775}.Release|Any CPU.Build.0 = Release|Any CPU
	EndGlobalSection
	GlobalSection(SolutionProperties) = preSolution
		HideSolutionNode = FALSE
	EndGlobalSection
	GlobalSection(ExtensibilityGlobals) = postSolution
		SolutionGuid = {2313B791-DC4B-4615-9672-0A2D870F6E09}
	EndGlobalSection
EndGlobal
